
Microsoft Visual Studio Solution File, Format Version 12.00
# Visual Studio Version 17
VisualStudioVersion = 17.5.33530.505
MinimumVisualStudioVersion = 10.0.40219.1
Project("{54435603-DBB4-11D2-8724-00A0C9A8B90C}") = "MyCitadel", "MyCitadel.vdproj", "{1F885CF1-4EFC-4B7C-8135-1B5637A15DB2}"
EndProject
Global
	GlobalSection(SolutionConfigurationPlatforms) = preSolution
		Debug|Default = Debug|Default
		Release|Default = Release|Default
	EndGlobalSection
	GlobalSection(ProjectConfigurationPlatforms) = postSolution
		{1F885CF1-4EFC-4B7C-8135-1B5637A15DB2}.Debug|Default.ActiveCfg = Debug
		{1F885CF1-4EFC-4B7C-8135-1B5637A15DB2}.Debug|Default.Build.0 = Debug
		{1F885CF1-4EFC-4B7C-8135-1B5637A15DB2}.Release|Default.ActiveCfg = Release
		{1F885CF1-4EFC-4B7C-8135-1B5637A15DB2}.Release|Default.Build.0 = Release
	EndGlobalSection
	GlobalSection(SolutionProperties) = preSolution
		HideSolutionNode = FALSE
	EndGlobalSection
	GlobalSection(ExtensibilityGlobals) = postSolution
		SolutionGuid = {1C8F4F3D-DEF9-4F83-BC53-A8E508578B10}
	EndGlobalSection
EndGlobal
